
Microsoft Visual Studio Solution File, Format Version 12.00
# Visual Studio 2017
Project("{FAE04EC0-301F-11D3-BF4B-00C04F79EFBC}") = "Run!", "Run!.csproj", "{F00FFB76-CCA8-BBD9-1444-01B6C4A89377}"
EndProject
Project("{FAE04EC0-301F-11D3-BF4B-00C04F79EFBC}") = "Run!.Editor", "Run!.Editor.csproj", "{8458108F-5260-6827-0AF4-4D346C9A379F}"
EndProject
Global
	GlobalSection(SolutionConfigurationPlatforms) = preSolution
		Debug|Any CPU = Debug|Any CPU
		Release|Any CPU = Release|Any CPU
	EndGlobalSection
	GlobalSection(ProjectConfigurationPlatforms) = postSolution
		{F00FFB76-CCA8-BBD9-1444-01B6C4A89377}.Debug|Any CPU.ActiveCfg = Debug|Any CPU
		{F00FFB76-CCA8-BBD9-1444-01B6C4A89377}.Debug|Any CPU.Build.0 = Debug|Any CPU
		{F00FFB76-CCA8-BBD9-1444-01B6C4A89377}.Release|Any CPU.ActiveCfg = Release|Any CPU
		{F00FFB76-CCA8-BBD9-1444-01B6C4A89377}.Release|Any CPU.Build.0 = Release|Any CPU
		{8458108F-5260-6827-0AF4-4D346C9A379F}.Debug|Any CPU.ActiveCfg = Debug|Any CPU
		{8458108F-5260-6827-0AF4-4D346C9A379F}.Debug|Any CPU.Build.0 = Debug|Any CPU
		{8458108F-5260-6827-0AF4-4D346C9A379F}.Release|Any CPU.ActiveCfg = Release|Any CPU
		{8458108F-5260-6827-0AF4-4D346C9A379F}.Release|Any CPU.Build.0 = Release|Any CPU
	EndGlobalSection
	GlobalSection(SolutionProperties) = preSolution
		HideSolutionNode = FALSE
	EndGlobalSection
EndGlobal
